// !$*UTF8*$!
{
	archiveVersion = 1;
	classes = {
	};
	objectVersion = 56;
	objects = {

/* Begin PBXBuildFile section */
		22FE352A2B19191B000CF36E /* MOrganizer4RRApp.swift in Sources */ = {isa = PBXBuildFile; fileRef = 22FE35292B19191B000CF36E /* MOrganizer4RRApp.swift */; };
		22FE352C2B19191B000CF36E /* ContentView.swift in Sources */ = {isa = PBXBuildFile; fileRef = 22FE352B2B19191B000CF36E /* ContentView.swift */; };
		22FE352E2B19191B000CF36E /* Item.swift in Sources */ = {isa = PBXBuildFile; fileRef = 22FE352D2B19191B000CF36E /* Item.swift */; };
		22FE35302B19191C000CF36E /* Assets.xcassets in Resources */ = {isa = PBXBuildFile; fileRef = 22FE352F2B19191C000CF36E /* Assets.xcassets */; };
		22FE35342B19191C000CF36E /* Preview Assets.xcassets in Resources */ = {isa = PBXBuildFile; fileRef = 22FE35332B19191C000CF36E /* Preview Assets.xcassets */; };
		22FE353E2B19191C000CF36E /* MOrganizer4RRTests.swift in Sources */ = {isa = PBXBuildFile; fileRef = 22FE353D2B19191C000CF36E /* MOrganizer4RRTests.swift */; };
		22FE35482B19191C000CF36E /* MOrganizer4RRUITests.swift in Sources */ = {isa = PBXBuildFile; fileRef = 22FE35472B19191C000CF36E /* MOrganizer4RRUITests.swift */; };
		22FE354A2B19191C000CF36E /* MOrganizer4RRUITestsLaunchTests.swift in Sources */ = {isa = PBXBuildFile; fileRef = 22FE35492B19191C000CF36E /* MOrganizer4RRUITestsLaunchTests.swift */; };
/* End PBXBuildFile section */

/* Begin PBXContainerItemProxy section */
		22FE353A2B19191C000CF36E /* PBXContainerItemProxy */ = {
			isa = PBXContainerItemProxy;
			containerPortal = 22FE351E2B19191B000CF36E /* Project object */;
			proxyType = 1;
			remoteGlobalIDString = 22FE35252B19191B000CF36E;
			remoteInfo = MOrganizer4RR;
		};
		22FE35442B19191C000CF36E /* PBXContainerItemProxy */ = {
			isa = PBXContainerItemProxy;
			containerPortal = 22FE351E2B19191B000CF36E /* Project object */;
			proxyType = 1;
			remoteGlobalIDString = 22FE35252B19191B000CF36E;
			remoteInfo = MOrganizer4RR;
		};
/* End PBXContainerItemProxy section */

/* Begin PBXFileReference section */
		22FE35262B19191B000CF36E /* MOrganizer4RR.app */ = {isa = PBXFileReference; explicitFileType = wrapper.application; includeInIndex = 0; path = MOrganizer4RR.app; sourceTree = BUILT_PRODUCTS_DIR; };
		22FE35292B19191B000CF36E /* MOrganizer4RRApp.swift */ = {isa = PBXFileReference; lastKnownFileType = sourcecode.swift; path = MOrganizer4RRApp.swift; sourceTree = "<group>"; };
		22FE352B2B19191B000CF36E /* ContentView.swift */ = {isa = PBXFileReference; lastKnownFileType = sourcecode.swift; path = ContentView.swift; sourceTree = "<group>"; };
		22FE352D2B19191B000CF36E /* Item.swift */ = {isa = PBXFileReference; lastKnownFileType = sourcecode.swift; path = Item.swift; sourceTree = "<group>"; };
		22FE352F2B19191C000CF36E /* Assets.xcassets */ = {isa = PBXFileReference; lastKnownFileType = folder.assetcatalog; path = Assets.xcassets; sourceTree = "<group>"; };
		22FE35312B19191C000CF36E /* MOrganizer4RR.entitlements */ = {isa = PBXFileReference; lastKnownFileType = text.plist.entitlements; path = MOrganizer4RR.entitlements; sourceTree = "<group>"; };
		22FE35332B19191C000CF36E /* Preview Assets.xcassets */ = {isa = PBXFileReference; lastKnownFileType = folder.assetcatalog; path = "Preview Assets.xcassets"; sourceTree = "<group>"; };
		22FE35392B19191C000CF36E /* MOrganizer4RRTests.xctest */ = {isa = PBXFileReference; explicitFileType = wrapper.cfbundle; includeInIndex = 0; path = MOrganizer4RRTests.xctest; sourceTree = BUILT_PRODUCTS_DIR; };
		22FE353D2B19191C000CF36E /* MOrganizer4RRTests.swift */ = {isa = PBXFileReference; lastKnownFileType = sourcecode.swift; path = MOrganizer4RRTests.swift; sourceTree = "<group>"; };
		22FE35432B19191C000CF36E /* MOrganizer4RRUITests.xctest */ = {isa = PBXFileReference; explicitFileType = wrapper.cfbundle; includeInIndex = 0; path = MOrganizer4RRUITests.xctest; sourceTree = BUILT_PRODUCTS_DIR; };
		22FE35472B19191C000CF36E /* MOrganizer4RRUITests.swift */ = {isa = PBXFileReference; lastKnownFileType = sourcecode.swift; path = MOrganizer4RRUITests.swift; sourceTree = "<group>"; };
		22FE35492B19191C000CF36E /* MOrganizer4RRUITestsLaunchTests.swift */ = {isa = PBXFileReference; lastKnownFileType = sourcecode.swift; path = MOrganizer4RRUITestsLaunchTests.swift; sourceTree = "<group>"; };
/* End PBXFileReference section */

/* Begin PBXFrameworksBuildPhase section */
		22FE35232B19191B000CF36E /* Frameworks */ = {
			isa = PBXFrameworksBuildPhase;
			buildActionMask = 2147483647;
			files = (
			);
			runOnlyForDeploymentPostprocessing = 0;
		};
		22FE35362B19191C000CF36E /* Frameworks */ = {
			isa = PBXFrameworksBuildPhase;
			buildActionMask = 2147483647;
			files = (
			);
			runOnlyForDeploymentPostprocessing = 0;
		};
		22FE35402B19191C000CF36E /* Frameworks */ = {
			isa = PBXFrameworksBuildPhase;
			buildActionMask = 2147483647;
			files = (
			);
			runOnlyForDeploymentPostprocessing = 0;
		};
/* End PBXFrameworksBuildPhase section */

/* Begin PBXGroup section */
		22FE351D2B19191B000CF36E = {
			isa = PBXGroup;
			children = (
				22FE35282B19191B000CF36E /* MOrganizer4RR */,
				22FE353C2B19191C000CF36E /* MOrganizer4RRTests */,
				22FE35462B19191C000CF36E /* MOrganizer4RRUITests */,
				22FE35272B19191B000CF36E /* Products */,
			);
			sourceTree = "<group>";
		};
		22FE35272B19191B000CF36E /* Products */ = {
			isa = PBXGroup;
			children = (
				22FE35262B19191B000CF36E /* MOrganizer4RR.app */,
				22FE35392B19191C000CF36E /* MOrganizer4RRTests.xctest */,
				22FE35432B19191C000CF36E /* MOrganizer4RRUITests.xctest */,
			);
			name = Products;
			sourceTree = "<group>";
		};
		22FE35282B19191B000CF36E /* MOrganizer4RR */ = {
			isa = PBXGroup;
			children = (
				22FE35292B19191B000CF36E /* MOrganizer4RRApp.swift */,
				22FE352B2B19191B000CF36E /* ContentView.swift */,
				22FE352D2B19191B000CF36E /* Item.swift */,
				22FE352F2B19191C000CF36E /* Assets.xcassets */,
				22FE35312B19191C000CF36E /* MOrganizer4RR.entitlements */,
				22FE35322B19191C000CF36E /* Preview Content */,
			);
			path = MOrganizer4RR;
			sourceTree = "<group>";
		};
		22FE35322B19191C000CF36E /* Preview Content */ = {
			isa = PBXGroup;
			children = (
				22FE35332B19191C000CF36E /* Preview Assets.xcassets */,
			);
			path = "Preview Content";
			sourceTree = "<group>";
		};
		22FE353C2B19191C000CF36E /* MOrganizer4RRTests */ = {
			isa = PBXGroup;
			children = (
				22FE353D2B19191C000CF36E /* MOrganizer4RRTests.swift */,
			);
			path = MOrganizer4RRTests;
			sourceTree = "<group>";
		};
		22FE35462B19191C000CF36E /* MOrganizer4RRUITests */ = {
			isa = PBXGroup;
			children = (
				22FE35472B19191C000CF36E /* MOrganizer4RRUITests.swift */,
				22FE35492B19191C000CF36E /* MOrganizer4RRUITestsLaunchTests.swift */,
			);
			path = MOrganizer4RRUITests;
			sourceTree = "<group>";
		};
/* End PBXGroup section */

/* Begin PBXNativeTarget section */
		22FE35252B19191B000CF36E /* MOrganizer4RR */ = {
			isa = PBXNativeTarget;
			buildConfigurationList = 22FE354D2B19191C000CF36E /* Build configuration list for PBXNativeTarget "MOrganizer4RR" */;
			buildPhases = (
				22FE35222B19191B000CF36E /* Sources */,
				22FE35232B19191B000CF36E /* Frameworks */,
				22FE35242B19191B000CF36E /* Resources */,
			);
			buildRules = (
			);
			dependencies = (
			);
			name = MOrganizer4RR;
			productName = MOrganizer4RR;
			productReference = 22FE35262B19191B000CF36E /* MOrganizer4RR.app */;
			productType = "com.apple.product-type.application";
		};
		22FE35382B19191C000CF36E /* MOrganizer4RRTests */ = {
			isa = PBXNativeTarget;
			buildConfigurationList = 22FE35502B19191C000CF36E /* Build configuration list for PBXNativeTarget "MOrganizer4RRTests" */;
			buildPhases = (
				22FE35352B19191C000CF36E /* Sources */,
				22FE35362B19191C000CF36E /* Frameworks */,
				22FE35372B19191C000CF36E /* Resources */,
			);
			buildRules = (
			);
			dependencies = (
				22FE353B2B19191C000CF36E /* PBXTargetDependency */,
			);
			name = MOrganizer4RRTests;
			productName = MOrganizer4RRTests;
			productReference = 22FE35392B19191C000CF36E /* MOrganizer4RRTests.xctest */;
			productType = "com.apple.product-type.bundle.unit-test";
		};
		22FE35422B19191C000CF36E /* MOrganizer4RRUITests */ = {
			isa = PBXNativeTarget;
			buildConfigurationList = 22FE35532B19191C000CF36E /* Build configuration list for PBXNativeTarget "MOrganizer4RRUITests" */;
			buildPhases = (
				22FE353F2B19191C000CF36E /* Sources */,
				22FE35402B19191C000CF36E /* Frameworks */,
				22FE35412B19191C000CF36E /* Resources */,
			);
			buildRules = (
			);
			dependencies = (
				22FE35452B19191C000CF36E /* PBXTargetDependency */,
			);
			name = MOrganizer4RRUITests;
			productName = MOrganizer4RRUITests;
			productReference = 22FE35432B19191C000CF36E /* MOrganizer4RRUITests.xctest */;
			productType = "com.apple.product-type.bundle.ui-testing";
		};
/* End PBXNativeTarget section */

/* Begin PBXProject section */
		22FE351E2B19191B000CF36E /* Project object */ = {
			isa = PBXProject;
			attributes = {
				BuildIndependentTargetsInParallel = 1;
				LastSwiftUpdateCheck = 1500;
				LastUpgradeCheck = 1500;
				TargetAttributes = {
					22FE35252B19191B000CF36E = {
						CreatedOnToolsVersion = 15.0.1;
					};
					22FE35382B19191C000CF36E = {
						CreatedOnToolsVersion = 15.0.1;
						TestTargetID = 22FE35252B19191B000CF36E;
					};
					22FE35422B19191C000CF36E = {
						CreatedOnToolsVersion = 15.0.1;
						TestTargetID = 22FE35252B19191B000CF36E;
					};
				};
			};
			buildConfigurationList = 22FE35212B19191B000CF36E /* Build configuration list for PBXProject "MOrganizer4RR" */;
			compatibilityVersion = "Xcode 14.0";
			developmentRegion = en;
			hasScannedForEncodings = 0;
			knownRegions = (
				en,
				Base,
			);
			mainGroup = 22FE351D2B19191B000CF36E;
			productRefGroup = 22FE35272B19191B000CF36E /* Products */;
			projectDirPath = "";
			projectRoot = "";
			targets = (
				22FE35252B19191B000CF36E /* MOrganizer4RR */,
				22FE35382B19191C000CF36E /* MOrganizer4RRTests */,
				22FE35422B19191C000CF36E /* MOrganizer4RRUITests */,
			);
		};
/* End PBXProject section */

/* Begin PBXResourcesBuildPhase section */
		22FE35242B19191B000CF36E /* Resources */ = {
			isa = PBXResourcesBuildPhase;
			buildActionMask = 2147483647;
			files = (
				22FE35342B19191C000CF36E /* Preview Assets.xcassets in Resources */,
				22FE35302B19191C000CF36E /* Assets.xcassets in Resources */,
			);
			runOnlyForDeploymentPostprocessing = 0;
		};
		22FE35372B19191C000CF36E /* Resources */ = {
			isa = PBXResourcesBuildPhase;
			buildActionMask = 2147483647;
			files = (
			);
			runOnlyForDeploymentPostprocessing = 0;
		};
		22FE35412B19191C000CF36E /* Resources */ = {
			isa = PBXResourcesBuildPhase;
			buildActionMask = 2147483647;
			files = (
			);
			runOnlyForDeploymentPostprocessing = 0;
		};
/* End PBXResourcesBuildPhase section */

/* Begin PBXSourcesBuildPhase section */
		22FE35222B19191B000CF36E /* Sources */ = {
			isa = PBXSourcesBuildPhase;
			buildActionMask = 2147483647;
			files = (
				22FE352C2B19191B000CF36E /* ContentView.swift in Sources */,
				22FE352E2B19191B000CF36E /* Item.swift in Sources */,
				22FE352A2B19191B000CF36E /* MOrganizer4RRApp.swift in Sources */,
			);
			runOnlyForDeploymentPostprocessing = 0;
		};
		22FE35352B19191C000CF36E /* Sources */ = {
			isa = PBXSourcesBuildPhase;
			buildActionMask = 2147483647;
			files = (
				22FE353E2B19191C000CF36E /* MOrganizer4RRTests.swift in Sources */,
			);
			runOnlyForDeploymentPostprocessing = 0;
		};
		22FE353F2B19191C000CF36E /* Sources */ = {
			isa = PBXSourcesBuildPhase;
			buildActionMask = 2147483647;
			files = (
				22FE35482B19191C000CF36E /* MOrganizer4RRUITests.swift in Sources */,
				22FE354A2B19191C000CF36E /* MOrganizer4RRUITestsLaunchTests.swift in Sources */,
			);
			runOnlyForDeploymentPostprocessing = 0;
		};
/* End PBXSourcesBuildPhase section */

/* Begin PBXTargetDependency section */
		22FE353B2B19191C000CF36E /* PBXTargetDependency */ = {
			isa = PBXTargetDependency;
			target = 22FE35252B19191B000CF36E /* MOrganizer4RR */;
			targetProxy = 22FE353A2B19191C000CF36E /* PBXContainerItemProxy */;
		};
		22FE35452B19191C000CF36E /* PBXTargetDependency */ = {
			isa = PBXTargetDependency;
			target = 22FE35252B19191B000CF36E /* MOrganizer4RR */;
			targetProxy = 22FE35442B19191C000CF36E /* PBXContainerItemProxy */;
		};
/* End PBXTargetDependency section */

/* Begin XCBuildConfiguration section */
		22FE354B2B19191C000CF36E /* Debug */ = {
			isa = XCBuildConfiguration;
			buildSettings = {
				ALWAYS_SEARCH_USER_PATHS = NO;
				ASSETCATALOG_COMPILER_GENERATE_SWIFT_ASSET_SYMBOL_EXTENSIONS = YES;
				CLANG_ANALYZER_NONNULL = YES;
				CLANG_ANALYZER_NUMBER_OBJECT_CONVERSION = YES_AGGRESSIVE;
				CLANG_CXX_LANGUAGE_STANDARD = "gnu++20";
				CLANG_ENABLE_MODULES = YES;
				CLANG_ENABLE_OBJC_ARC = YES;
				CLANG_ENABLE_OBJC_WEAK = YES;
				CLANG_WARN_BLOCK_CAPTURE_AUTORELEASING = YES;
				CLANG_WARN_BOOL_CONVERSION = YES;
				CLANG_WARN_COMMA = YES;
				CLANG_WARN_CONSTANT_CONVERSION = YES;
				CLANG_WARN_DEPRECATED_OBJC_IMPLEMENTATIONS = YES;
				CLANG_WARN_DIRECT_OBJC_ISA_USAGE = YES_ERROR;
				CLANG_WARN_DOCUMENTATION_COMMENTS = YES;
				CLANG_WARN_EMPTY_BODY = YES;
				CLANG_WARN_ENUM_CONVERSION = YES;
				CLANG_WARN_INFINITE_RECURSION = YES;
				CLANG_WARN_INT_CONVERSION = YES;
				CLANG_WARN_NON_LITERAL_NULL_CONVERSION = YES;
				CLANG_WARN_OBJC_IMPLICIT_RETAIN_SELF = YES;
				CLANG_WARN_OBJC_LITERAL_CONVERSION = YES;
				CLANG_WARN_OBJC_ROOT_CLASS = YES_ERROR;
				CLANG_WARN_QUOTED_INCLUDE_IN_FRAMEWORK_HEADER = YES;
				CLANG_WARN_RANGE_LOOP_ANALYSIS = YES;
				CLANG_WARN_STRICT_PROTOTYPES = YES;
				CLANG_WARN_SUSPICIOUS_MOVE = YES;
				CLANG_WARN_UNGUARDED_AVAILABILITY = YES_AGGRESSIVE;
				CLANG_WARN_UNREACHABLE_CODE = YES;
				CLANG_WARN__DUPLICATE_METHOD_MATCH = YES;
				COPY_PHASE_STRIP = NO;
				DEBUG_INFORMATION_FORMAT = dwarf;
				ENABLE_STRICT_OBJC_MSGSEND = YES;
				ENABLE_TESTABILITY = YES;
				ENABLE_USER_SCRIPT_SANDBOXING = YES;
				GCC_C_LANGUAGE_STANDARD = gnu17;
				GCC_DYNAMIC_NO_PIC = NO;
				GCC_NO_COMMON_BLOCKS = YES;
				GCC_OPTIMIZATION_LEVEL = 0;
				GCC_PREPROCESSOR_DEFINITIONS = (
					"DEBUG=1",
					"$(inherited)",
				);
				GCC_WARN_64_TO_32_BIT_CONVERSION = YES;
				GCC_WARN_ABOUT_RETURN_TYPE = YES_ERROR;
				GCC_WARN_UNDECLARED_SELECTOR = YES;
				GCC_WARN_UNINITIALIZED_AUTOS = YES_AGGRESSIVE;
				GCC_WARN_UNUSED_FUNCTION = YES;
				GCC_WARN_UNUSED_VARIABLE = YES;
				LOCALIZATION_PREFERS_STRING_CATALOGS = YES;
				MTL_ENABLE_DEBUG_INFO = INCLUDE_SOURCE;
				MTL_FAST_MATH = YES;
				ONLY_ACTIVE_ARCH = YES;
				SWIFT_ACTIVE_COMPILATION_CONDITIONS = "DEBUG $(inherited)";
				SWIFT_OPTIMIZATION_LEVEL = "-Onone";
			};
			name = Debug;
		};
		22FE354C2B19191C000CF36E /* Release */ = {
			isa = XCBuildConfiguration;
			buildSettings = {
				ALWAYS_SEARCH_USER_PATHS = NO;
				ASSETCATALOG_COMPILER_GENERATE_SWIFT_ASSET_SYMBOL_EXTENSIONS = YES;
				CLANG_ANALYZER_NONNULL = YES;
				CLANG_ANALYZER_NUMBER_OBJECT_CONVERSION = YES_AGGRESSIVE;
				CLANG_CXX_LANGUAGE_STANDARD = "gnu++20";
				CLANG_ENABLE_MODULES = YES;
				CLANG_ENABLE_OBJC_ARC = YES;
				CLANG_ENABLE_OBJC_WEAK = YES;
				CLANG_WARN_BLOCK_CAPTURE_AUTORELEASING = YES;
				CLANG_WARN_BOOL_CONVERSION = YES;
				CLANG_WARN_COMMA = YES;
				CLANG_WARN_CONSTANT_CONVERSION = YES;
				CLANG_WARN_DEPRECATED_OBJC_IMPLEMENTATIONS = YES;
				CLANG_WARN_DIRECT_OBJC_ISA_USAGE = YES_ERROR;
				CLANG_WARN_DOCUMENTATION_COMMENTS = YES;
				CLANG_WARN_EMPTY_BODY = YES;
				CLANG_WARN_ENUM_CONVERSION = YES;
				CLANG_WARN_INFINITE_RECURSION = YES;
				CLANG_WARN_INT_CONVERSION = YES;
				CLANG_WARN_NON_LITERAL_NULL_CONVERSION = YES;
				CLANG_WARN_OBJC_IMPLICIT_RETAIN_SELF = YES;
				CLANG_WARN_OBJC_LITERAL_CONVERSION = YES;
				CLANG_WARN_OBJC_ROOT_CLASS = YES_ERROR;
				CLANG_WARN_QUOTED_INCLUDE_IN_FRAMEWORK_HEADER = YES;
				CLANG_WARN_RANGE_LOOP_ANALYSIS = YES;
				CLANG_WARN_STRICT_PROTOTYPES = YES;
				CLANG_WARN_SUSPICIOUS_MOVE = YES;
				CLANG_WARN_UNGUARDED_AVAILABILITY = YES_AGGRESSIVE;
				CLANG_WARN_UNREACHABLE_CODE = YES;
				CLANG_WARN__DUPLICATE_METHOD_MATCH = YES;
				COPY_PHASE_STRIP = NO;
				DEBUG_INFORMATION_FORMAT = "dwarf-with-dsym";
				ENABLE_NS_ASSERTIONS = NO;
				ENABLE_STRICT_OBJC_MSGSEND = YES;
				ENABLE_USER_SCRIPT_SANDBOXING = YES;
				GCC_C_LANGUAGE_STANDARD = gnu17;
				GCC_NO_COMMON_BLOCKS = YES;
				GCC_WARN_64_TO_32_BIT_CONVERSION = YES;
				GCC_WARN_ABOUT_RETURN_TYPE = YES_ERROR;
				GCC_WARN_UNDECLARED_SELECTOR = YES;
				GCC_WARN_UNINITIALIZED_AUTOS = YES_AGGRESSIVE;
				GCC_WARN_UNUSED_FUNCTION = YES;
				GCC_WARN_UNUSED_VARIABLE = YES;
				LOCALIZATION_PREFERS_STRING_CATALOGS = YES;
				MTL_ENABLE_DEBUG_INFO = NO;
				MTL_FAST_MATH = YES;
				SWIFT_COMPILATION_MODE = wholemodule;
			};
			name = Release;
		};
		22FE354E2B19191C000CF36E /* Debug */ = {
			isa = XCBuildConfiguration;
			buildSettings = {
				ASSETCATALOG_COMPILER_APPICON_NAME = AppIcon;
				ASSETCATALOG_COMPILER_GLOBAL_ACCENT_COLOR_NAME = AccentColor;
				CODE_SIGN_ENTITLEMENTS = MOrganizer4RR/MOrganizer4RR.entitlements;
				CODE_SIGN_STYLE = Automatic;
				CURRENT_PROJECT_VERSION = 1;
				DEVELOPMENT_ASSET_PATHS = "\"MOrganizer4RR/Preview Content\"";
				DEVELOPMENT_TEAM = 7QZP6XH48W;
				ENABLE_HARDENED_RUNTIME = YES;
				ENABLE_PREVIEWS = YES;
				GENERATE_INFOPLIST_FILE = YES;
				"INFOPLIST_KEY_UIApplicationSceneManifest_Generation[sdk=iphoneos*]" = YES;
				"INFOPLIST_KEY_UIApplicationSceneManifest_Generation[sdk=iphonesimulator*]" = YES;
				"INFOPLIST_KEY_UIApplicationSupportsIndirectInputEvents[sdk=iphoneos*]" = YES;
				"INFOPLIST_KEY_UIApplicationSupportsIndirectInputEvents[sdk=iphonesimulator*]" = YES;
				"INFOPLIST_KEY_UILaunchScreen_Generation[sdk=iphoneos*]" = YES;
				"INFOPLIST_KEY_UILaunchScreen_Generation[sdk=iphonesimulator*]" = YES;
				"INFOPLIST_KEY_UIStatusBarStyle[sdk=iphoneos*]" = UIStatusBarStyleDefault;
				"INFOPLIST_KEY_UIStatusBarStyle[sdk=iphonesimulator*]" = UIStatusBarStyleDefault;
				INFOPLIST_KEY_UISupportedInterfaceOrientations_iPad = "UIInterfaceOrientationPortrait UIInterfaceOrientationPortraitUpsideDown UIInterfaceOrientationLandscapeLeft UIInterfaceOrientationLandscapeRight";
				INFOPLIST_KEY_UISupportedInterfaceOrientations_iPhone = "UIInterfaceOrientationPortrait UIInterfaceOrientationLandscapeLeft UIInterfaceOrientationLandscapeRight";
				IPHONEOS_DEPLOYMENT_TARGET = 17.0;
				LD_RUNPATH_SEARCH_PATHS = "@executable_path/Frameworks";
				"LD_RUNPATH_SEARCH_PATHS[sdk=macosx*]" = "@executable_path/../Frameworks";
				MACOSX_DEPLOYMENT_TARGET = 14.0;
				MARKETING_VERSION = 1.0;
				PRODUCT_BUNDLE_IDENTIFIER = abcd.MOrganizer4RR;
				PRODUCT_NAME = "$(TARGET_NAME)";
				SDKROOT = auto;
				SUPPORTED_PLATFORMS = "iphoneos iphonesimulator macosx";
				SWIFT_EMIT_LOC_STRINGS = YES;
				SWIFT_VERSION = 5.0;
				TARGETED_DEVICE_FAMILY = "1,2";
			};
			name = Debug;
		};
		22FE354F2B19191C000CF36E /* Release */ = {
			isa = XCBuildConfiguration;
			buildSettings = {
				ASSETCATALOG_COMPILER_APPICON_NAME = AppIcon;
				ASSETCATALOG_COMPILER_GLOBAL_ACCENT_COLOR_NAME = AccentColor;
				CODE_SIGN_ENTITLEMENTS = MOrganizer4RR/MOrganizer4RR.entitlements;
				CODE_SIGN_STYLE = Automatic;
				CURRENT_PROJECT_VERSION = 1;
				DEVELOPMENT_ASSET_PATHS = "\"MOrganizer4RR/Preview Content\"";
				DEVELOPMENT_TEAM = 7QZP6XH48W;
				ENABLE_HARDENED_RUNTIME = YES;
				ENABLE_PREVIEWS = YES;
				GENERATE_INFOPLIST_FILE = YES;
				"INFOPLIST_KEY_UIApplicationSceneManifest_Generation[sdk=iphoneos*]" = YES;
				"INFOPLIST_KEY_UIApplicationSceneManifest_Generation[sdk=iphonesimulator*]" = YES;
				"INFOPLIST_KEY_UIApplicationSupportsIndirectInputEvents[sdk=iphoneos*]" = YES;
				"INFOPLIST_KEY_UIApplicationSupportsIndirectInputEvents[sdk=iphonesimulator*]" = YES;
				"INFOPLIST_KEY_UILaunchScreen_Generation[sdk=iphoneos*]" = YES;
				"INFOPLIST_KEY_UILaunchScreen_Generation[sdk=iphonesimulator*]" = YES;
				"INFOPLIST_KEY_UIStatusBarStyle[sdk=iphoneos*]" = UIStatusBarStyleDefault;
				"INFOPLIST_KEY_UIStatusBarStyle[sdk=iphonesimulator*]" = UIStatusBarStyleDefault;
				INFOPLIST_KEY_UISupportedInterfaceOrientations_iPad = "UIInterfaceOrientationPortrait UIInterfaceOrientationPortraitUpsideDown UIInterfaceOrientationLandscapeLeft UIInterfaceOrientationLandscapeRight";
				INFOPLIST_KEY_UISupportedInterfaceOrientations_iPhone = "UIInterfaceOrientationPortrait UIInterfaceOrientationLandscapeLeft UIInterfaceOrientationLandscapeRight";
				IPHONEOS_DEPLOYMENT_TARGET = 17.0;
				LD_RUNPATH_SEARCH_PATHS = "@executable_path/Frameworks";
				"LD_RUNPATH_SEARCH_PATHS[sdk=macosx*]" = "@executable_path/../Frameworks";
				MACOSX_DEPLOYMENT_TARGET = 14.0;
				MARKETING_VERSION = 1.0;
				PRODUCT_BUNDLE_IDENTIFIER = abcd.MOrganizer4RR;
				PRODUCT_NAME = "$(TARGET_NAME)";
				SDKROOT = auto;
				SUPPORTED_PLATFORMS = "iphoneos iphonesimulator macosx";
				SWIFT_EMIT_LOC_STRINGS = YES;
				SWIFT_VERSION = 5.0;
				TARGETED_DEVICE_FAMILY = "1,2";
			};
			name = Release;
		};
		22FE35512B19191C000CF36E /* Debug */ = {
			isa = XCBuildConfiguration;
			buildSettings = {
				ALWAYS_EMBED_SWIFT_STANDARD_LIBRARIES = YES;
				BUNDLE_LOADER = "$(TEST_HOST)";
				CODE_SIGN_STYLE = Automatic;
				CURRENT_PROJECT_VERSION = 1;
				DEVELOPMENT_TEAM = 7QZP6XH48W;
				GENERATE_INFOPLIST_FILE = YES;
				IPHONEOS_DEPLOYMENT_TARGET = 17.0;
				MACOSX_DEPLOYMENT_TARGET = 14.0;
				MARKETING_VERSION = 1.0;
				PRODUCT_BUNDLE_IDENTIFIER = abcd.MOrganizer4RRTests;
				PRODUCT_NAME = "$(TARGET_NAME)";
				SDKROOT = auto;
				SUPPORTED_PLATFORMS = "iphoneos iphonesimulator macosx";
				SWIFT_EMIT_LOC_STRINGS = NO;
				SWIFT_VERSION = 5.0;
				TARGETED_DEVICE_FAMILY = "1,2";
				TEST_HOST = "$(BUILT_PRODUCTS_DIR)/MOrganizer4RR.app/$(BUNDLE_EXECUTABLE_FOLDER_PATH)/MOrganizer4RR";
			};
			name = Debug;
		};
		22FE35522B19191C000CF36E /* Release */ = {
			isa = XCBuildConfiguration;
			buildSettings = {
				ALWAYS_EMBED_SWIFT_STANDARD_LIBRARIES = YES;
				BUNDLE_LOADER = "$(TEST_HOST)";
				CODE_SIGN_STYLE = Automatic;
				CURRENT_PROJECT_VERSION = 1;
				DEVELOPMENT_TEAM = 7QZP6XH48W;
				GENERATE_INFOPLIST_FILE = YES;
				IPHONEOS_DEPLOYMENT_TARGET = 17.0;
				MACOSX_DEPLOYMENT_TARGET = 14.0;
				MARKETING_VERSION = 1.0;
				PRODUCT_BUNDLE_IDENTIFIER = abcd.MOrganizer4RRTests;
				PRODUCT_NAME = "$(TARGET_NAME)";
				SDKROOT = auto;
				SUPPORTED_PLATFORMS = "iphoneos iphonesimulator macosx";
				SWIFT_EMIT_LOC_STRINGS = NO;
				SWIFT_VERSION = 5.0;
				TARGETED_DEVICE_FAMILY = "1,2";
				TEST_HOST = "$(BUILT_PRODUCTS_DIR)/MOrganizer4RR.app/$(BUNDLE_EXECUTABLE_FOLDER_PATH)/MOrganizer4RR";
			};
			name = Release;
		};
		22FE35542B19191C000CF36E /* Debug */ = {
			isa = XCBuildConfiguration;
			buildSettings = {
				ALWAYS_EMBED_SWIFT_STANDARD_LIBRARIES = YES;
				CODE_SIGN_STYLE = Automatic;
				CURRENT_PROJECT_VERSION = 1;
				DEVELOPMENT_TEAM = 7QZP6XH48W;
				GENERATE_INFOPLIST_FILE = YES;
				IPHONEOS_DEPLOYMENT_TARGET = 17.0;
				MACOSX_DEPLOYMENT_TARGET = 14.0;
				MARKETING_VERSION = 1.0;
				PRODUCT_BUNDLE_IDENTIFIER = abcd.MOrganizer4RRUITests;
				PRODUCT_NAME = "$(TARGET_NAME)";
				SDKROOT = auto;
				SUPPORTED_PLATFORMS = "iphoneos iphonesimulator macosx";
				SWIFT_EMIT_LOC_STRINGS = NO;
				SWIFT_VERSION = 5.0;
				TARGETED_DEVICE_FAMILY = "1,2";
				TEST_TARGET_NAME = MOrganizer4RR;
			};
			name = Debug;
		};
		22FE35552B19191C000CF36E /* Release */ = {
			isa = XCBuildConfiguration;
			buildSettings = {
				ALWAYS_EMBED_SWIFT_STANDARD_LIBRARIES = YES;
				CODE_SIGN_STYLE = Automatic;
				CURRENT_PROJECT_VERSION = 1;
				DEVELOPMENT_TEAM = 7QZP6XH48W;
				GENERATE_INFOPLIST_FILE = YES;
				IPHONEOS_DEPLOYMENT_TARGET = 17.0;
				MACOSX_DEPLOYMENT_TARGET = 14.0;
				MARKETING_VERSION = 1.0;
				PRODUCT_BUNDLE_IDENTIFIER = abcd.MOrganizer4RRUITests;
				PRODUCT_NAME = "$(TARGET_NAME)";
				SDKROOT = auto;
				SUPPORTED_PLATFORMS = "iphoneos iphonesimulator macosx";
				SWIFT_EMIT_LOC_STRINGS = NO;
				SWIFT_VERSION = 5.0;
				TARGETED_DEVICE_FAMILY = "1,2";
				TEST_TARGET_NAME = MOrganizer4RR;
			};
			name = Release;
		};
/* End XCBuildConfiguration section */

/* Begin XCConfigurationList section */
		22FE35212B19191B000CF36E /* Build configuration list for PBXProject "MOrganizer4RR" */ = {
			isa = XCConfigurationList;
			buildConfigurations = (
				22FE354B2B19191C000CF36E /* Debug */,
				22FE354C2B19191C000CF36E /* Release */,
			);
			defaultConfigurationIsVisible = 0;
			defaultConfigurationName = Release;
		};
		22FE354D2B19191C000CF36E /* Build configuration list for PBXNativeTarget "MOrganizer4RR" */ = {
			isa = XCConfigurationList;
			buildConfigurations = (
				22FE354E2B19191C000CF36E /* Debug */,
				22FE354F2B19191C000CF36E /* Release */,
			);
			defaultConfigurationIsVisible = 0;
			defaultConfigurationName = Release;
		};
		22FE35502B19191C000CF36E /* Build configuration list for PBXNativeTarget "MOrganizer4RRTests" */ = {
			isa = XCConfigurationList;
			buildConfigurations = (
				22FE35512B19191C000CF36E /* Debug */,
				22FE35522B19191C000CF36E /* Release */,
			);
			defaultConfigurationIsVisible = 0;
			defaultConfigurationName = Release;
		};
		22FE35532B19191C000CF36E /* Build configuration list for PBXNativeTarget "MOrganizer4RRUITests" */ = {
			isa = XCConfigurationList;
			buildConfigurations = (
				22FE35542B19191C000CF36E /* Debug */,
				22FE35552B19191C000CF36E /* Release */,
			);
			defaultConfigurationIsVisible = 0;
			defaultConfigurationName = Release;
		};
/* End XCConfigurationList section */
	};
	rootObject = 22FE351E2B19191B000CF36E /* Project object */;
}
